
Microsoft Visual Studio Solution File, Format Version 12.00
# Visual Studio Version 17
VisualStudioVersion = 17.10.34814.14
MinimumVisualStudioVersion = 10.0.40219.1
Project("{9A19103F-16F7-4668-BE54-9A1E7A4F7556}") = "AppProxy", "AppProxy\AppProxy.csproj", "{DD79FE7A-E300-4464-9AFB-101B970A2BB1}"
EndProject
Global
	GlobalSection(SolutionConfigurationPlatforms) = preSolution
		Debug|Any CPU = Debug|Any CPU
		Release|Any CPU = Release|Any CPU
	EndGlobalSection
	GlobalSection(ProjectConfigurationPlatforms) = postSolution
		{DD79FE7A-E300-4464-9AFB-101B970A2BB1}.Debug|Any CPU.ActiveCfg = Debug|Any CPU
		{DD79FE7A-E300-4464-9AFB-101B970A2BB1}.Debug|Any CPU.Build.0 = Debug|Any CPU
		{DD79FE7A-E300-4464-9AFB-101B970A2BB1}.Release|Any CPU.ActiveCfg = Release|Any CPU
		{DD79FE7A-E300-4464-9AFB-101B970A2BB1}.Release|Any CPU.Build.0 = Release|Any CPU
	EndGlobalSection
	GlobalSection(SolutionProperties) = preSolution
		HideSolutionNode = FALSE
	EndGlobalSection
	GlobalSection(ExtensibilityGlobals) = postSolution
		SolutionGuid = {4237959A-7173-4C0C-B4A0-74939E39DD90}
	EndGlobalSection
EndGlobal
